lockfileVersion: '9.0'

settings:
  autoInstallPeers: true
  excludeLinksFromLockfile: false

importers:

  .:
    dependencies:
      modern-screenshot:
        specifier: ^4.6.6
        version: 4.6.6

packages:

  modern-screenshot@4.6.6:
    resolution: {integrity: sha512-8tF0xEpe7yx37mK95UcIghSCWYeu628K2hLJl+ZNY2ANmRzYLlRLpquPHAQcL8keF6BoeEzTEw4GrgmUpGuZ8w==}

snapshots:

  modern-screenshot@4.6.6: {}
